
Microsoft Visual Studio Solution File, Format Version 12.00
# Visual Studio Version 17
VisualStudioVersion = 17.9.34902.65
MinimumVisualStudioVersion = 10.0.40219.1
Project("{9A19103F-16F7-4668-BE54-9A1E7A4F7556}") = "Shared.Models", "Shared.Models\Shared.Models.csproj", "{48059C81-FED9-4F0C-9EBF-976710272631}"
EndProject
Project("{FAE04EC0-301F-11D3-BF4B-00C04F79EFBC}") = "Ticket.Publisher", "Ticket.Publisher\Ticket.Publisher.csproj", "{3055DFEE-8359-4F78-915D-4758BE987B77}"
EndProject
Project("{FAE04EC0-301F-11D3-BF4B-00C04F79EFBC}") = "Ticket.Consumer", "Ticket.Consumer\Ticket.Consumer.csproj", "{DFDC5649-47BA-44CD-BFE7-5C4340E29830}"
EndProject
Global
	GlobalSection(SolutionConfigurationPlatforms) = preSolution
		Debug|Any CPU = Debug|Any CPU
		Release|Any CPU = Release|Any CPU
	EndGlobalSection
	GlobalSection(ProjectConfigurationPlatforms) = postSolution
		{48059C81-FED9-4F0C-9EBF-976710272631}.Debug|Any CPU.ActiveCfg = Debug|Any CPU
		{48059C81-FED9-4F0C-9EBF-976710272631}.Debug|Any CPU.Build.0 = Debug|Any CPU
		{48059C81-FED9-4F0C-9EBF-976710272631}.Release|Any CPU.ActiveCfg = Release|Any CPU
		{48059C81-FED9-4F0C-9EBF-976710272631}.Release|Any CPU.Build.0 = Release|Any CPU
		{3055DFEE-8359-4F78-915D-4758BE987B77}.Debug|Any CPU.ActiveCfg = Debug|Any CPU
		{3055DFEE-8359-4F78-915D-4758BE987B77}.Debug|Any CPU.Build.0 = Debug|Any CPU
		{3055DFEE-8359-4F78-915D-4758BE987B77}.Release|Any CPU.ActiveCfg = Release|Any CPU
		{3055DFEE-8359-4F78-915D-4758BE987B77}.Release|Any CPU.Build.0 = Release|Any CPU
		{DFDC5649-47BA-44CD-BFE7-5C4340E29830}.Debug|Any CPU.ActiveCfg = Debug|Any CPU
		{DFDC5649-47BA-44CD-BFE7-5C4340E29830}.Debug|Any CPU.Build.0 = Debug|Any CPU
		{DFDC5649-47BA-44CD-BFE7-5C4340E29830}.Release|Any CPU.ActiveCfg = Release|Any CPU
		{DFDC5649-47BA-44CD-BFE7-5C4340E29830}.Release|Any CPU.Build.0 = Release|Any CPU
	EndGlobalSection
	GlobalSection(SolutionProperties) = preSolution
		HideSolutionNode = FALSE
	EndGlobalSection
	GlobalSection(ExtensibilityGlobals) = postSolution
		SolutionGuid = {87F89F2A-78FE-47A0-AA6E-A80989DCD63F}
	EndGlobalSection
EndGlobal
